{
  "name": "abap-advent-2020-template",
  "version": "1.0.0",
  "lockfileVersion": 1,
  "requires": true,
  "dependencies": {
    "@abaplint/cli": {
      "version": "2.61.5",
      "resolved": "https://registry.npmjs.org/@abaplint/cli/-/cli-2.61.5.tgz",
      "integrity": "sha512-IO4fweIFFJku1Epyi+SJ+EA7L0CgnQKvY2NbTmqUlhRkn5Sq0bI6fym9P11B9oaosqRZKePfM3ujQUqlca7YlA=="
    },
    "@abaplint/runtime": {
      "version": "0.8.9",
      "resolved": "https://registry.npmjs.org/@abaplint/runtime/-/runtime-0.8.9.tgz",
      "integrity": "sha512-nQFEa8LvZRJfW4DAJDMp58puk4KEUhS9qNgtjua5razYGG8CDptKYnD6JKKDztUc4ACkV02fy8Lbt2RT7SJvBA==",
      "requires": {
        "sql.js": "^1.4.0"
      }
    },
    "@abaplint/transpiler-cli": {
      "version": "0.8.9",
      "resolved": "https://registry.npmjs.org/@abaplint/transpiler-cli/-/transpiler-cli-0.8.9.tgz",
      "integrity": "sha512-ifC/ThMPu4VGfNG5IGaODq+ubzWttgx5SS+oE4HVS6VCaihSeUlEejrUnS1p6lN8oKxmsKnOddfF9golrQPchg=="
    },
    "sql.js": {
      "version": "1.4.0",
      "resolved": "https://registry.npmjs.org/sql.js/-/sql.js-1.4.0.tgz",
      "integrity": "sha512-lm9x8M6O1kXjSieP/Z8Zayh+ksHN78TYX7pSh0UR1GjSVx5Kp1r+bo+l4s44rcpb0002i25f+QC4FYtfqr3lYQ=="
    }
  }
}
