{
  "name": "abap-advent-2020-template",
  "version": "1.0.0",
  "lockfileVersion": 1,
  "requires": true,
  "dependencies": {
    "@abaplint/cli": {
      "version": "2.82.8",
      "resolved": "https://registry.npmjs.org/@abaplint/cli/-/cli-2.82.8.tgz",
      "integrity": "sha512-ot5jQd5ud3IZ/0Noajt7OkQyNEIQ5KHD6V7DBQ8CddFtia+gdmq5rdS5iEDEvicyVWaePIrlRxqXukJuLNK6Cw=="
    },
    "@abaplint/runtime": {
      "version": "1.6.69",
      "resolved": "https://registry.npmjs.org/@abaplint/runtime/-/runtime-1.6.69.tgz",
      "integrity": "sha512-PXqBp/6Ugl9MqUlim1uZVvY1ag+s5kK2BMEkinkgkAdqEpbf4LV+0l29QRwk9epWUudgPBtacyTJuptYic1iCQ==",
      "requires": {
        "hdb": "^0.19.1",
        "sql.js": "^1.6.2"
      }
    },
    "@abaplint/transpiler-cli": {
      "version": "1.6.66",
      "resolved": "https://registry.npmjs.org/@abaplint/transpiler-cli/-/transpiler-cli-1.6.66.tgz",
      "integrity": "sha512-jQatX5dfL0s19i4GyiNbUQiFBZMmD9rw7nz+v1S0tvlrCTWJjuXqpzVDbJuCB7IxIxAVeK9WVu3rO9N/GOo5Qg=="
    },
    "hdb": {
      "version": "0.19.1",
      "resolved": "https://registry.npmjs.org/hdb/-/hdb-0.19.1.tgz",
      "integrity": "sha512-QqB7Srj/AaesB1bZPiKZMPXnjU4NRgP7ZheCHUWf4EKKqZXpWW2lJcb6BRnNfjxfCYIT+TR1wIaA0zLO1CeU6w==",
      "requires": {
        "iconv-lite": "^0.4.18"
      }
    },
    "iconv-lite": {
      "version": "0.4.24",
      "resolved": "https://registry.npmjs.org/iconv-lite/-/iconv-lite-0.4.24.tgz",
      "integrity": "sha512-v3MXnZAcvnywkTUEZomIActle7RXXeedOR31wwl7VlyoXO4Qi9arvSenNQWne1TcRwhCL1HwLI21bEqdpj8/rA==",
      "requires": {
        "safer-buffer": ">= 2.1.2 < 3"
      }
    },
    "safer-buffer": {
      "version": "2.1.2",
      "resolved": "https://registry.npmjs.org/safer-buffer/-/safer-buffer-2.1.2.tgz",
      "integrity": "sha512-YZo3K82SD7Riyi0E1EQPojLz7kpepnSQI9IyPbHHg1XXXevb5dJI7tpyN2ADxGcQbHG7vcyRHk0cbwqcQriUtg=="
    },
    "sql.js": {
      "version": "1.6.2",
      "resolved": "https://registry.npmjs.org/sql.js/-/sql.js-1.6.2.tgz",
      "integrity": "sha512-9iucI5fXQa+Gspeqf/BNB20PxJIn5LhXDt4mjXoFPqXdR+NqtFs15SdKpSIJ6s529aGL9zFR9p2eSCIEiMsNGA=="
    }
  }
}
