{
  "name": "abap-advent-2020-template",
  "version": "1.0.0",
  "lockfileVersion": 1,
  "requires": true,
  "dependencies": {
    "@abaplint/cli": {
      "version": "2.60.9",
      "resolved": "https://registry.npmjs.org/@abaplint/cli/-/cli-2.60.9.tgz",
      "integrity": "sha512-XEI1loWo9MiucXvjy8vwBu/qtA/aDwVY28HNswpGbzOcT94ZeIvvfdhiixlGoS6VYgy+EihqQ4IPHz263YjiXg=="
    },
    "@abaplint/runtime": {
      "version": "0.7.49",
      "resolved": "https://registry.npmjs.org/@abaplint/runtime/-/runtime-0.7.49.tgz",
      "integrity": "sha512-jq5L+q9Koy4Hdwos0VpBJK5EjX2crniKbxpEWisfZB/eO9UC1GRCQsh+yZrLddYUWa3TXd9PNzRQvw6rAahr2Q=="
    },
    "@abaplint/transpiler-cli": {
      "version": "0.7.49",
      "resolved": "https://registry.npmjs.org/@abaplint/transpiler-cli/-/transpiler-cli-0.7.49.tgz",
      "integrity": "sha512-l7CipxBx7nCOE7zvB9TnfDNy7VSa3NcULRYacx2ag0wGm4PrG5m8y5AgHD6Jy7GHB6iMkcvzZeSsueiPGxm5cw=="
    }
  }
}
